
Microsoft Visual Studio Solution File, Format Version 12.00
# Visual Studio 15
VisualStudioVersion = 15.0.26124.0
MinimumVisualStudioVersion = 15.0.26124.0
Project("{2150E333-8FDC-42A3-9474-1A3956D46DE8}") = "src", "src", "{A003BF9D-9CFC-4E19-B122-2E280AACBED1}"
EndProject
Project("{FAE04EC0-301F-11D3-BF4B-00C04F79EFBC}") = "aplikacja.code", "src\aplikacja.code\aplikacja.code.csproj", "{D49DF24C-37F0-400E-80FC-AB8F6F27473E}"
EndProject
Project("{FAE04EC0-301F-11D3-BF4B-00C04F79EFBC}") = "aplikacja.tests", "src\aplikacja.tests\aplikacja.tests.csproj", "{849ECD5D-9194-4ADD-B3E0-12287915E665}"
EndProject
Global
	GlobalSection(SolutionConfigurationPlatforms) = preSolution
		Debug|Any CPU = Debug|Any CPU
		Debug|x64 = Debug|x64
		Debug|x86 = Debug|x86
		Release|Any CPU = Release|Any CPU
		Release|x64 = Release|x64
		Release|x86 = Release|x86
	EndGlobalSection
	GlobalSection(SolutionProperties) = preSolution
		HideSolutionNode = FALSE
	EndGlobalSection
	GlobalSection(ProjectConfigurationPlatforms) = postSolution
		{D49DF24C-37F0-400E-80FC-AB8F6F27473E}.Debug|Any CPU.ActiveCfg = Debug|Any CPU
		{D49DF24C-37F0-400E-80FC-AB8F6F27473E}.Debug|Any CPU.Build.0 = Debug|Any CPU
		{D49DF24C-37F0-400E-80FC-AB8F6F27473E}.Debug|x64.ActiveCfg = Debug|x64
		{D49DF24C-37F0-400E-80FC-AB8F6F27473E}.Debug|x64.Build.0 = Debug|x64
		{D49DF24C-37F0-400E-80FC-AB8F6F27473E}.Debug|x86.ActiveCfg = Debug|x86
		{D49DF24C-37F0-400E-80FC-AB8F6F27473E}.Debug|x86.Build.0 = Debug|x86
		{D49DF24C-37F0-400E-80FC-AB8F6F27473E}.Release|Any CPU.ActiveCfg = Release|Any CPU
		{D49DF24C-37F0-400E-80FC-AB8F6F27473E}.Release|Any CPU.Build.0 = Release|Any CPU
		{D49DF24C-37F0-400E-80FC-AB8F6F27473E}.Release|x64.ActiveCfg = Release|x64
		{D49DF24C-37F0-400E-80FC-AB8F6F27473E}.Release|x64.Build.0 = Release|x64
		{D49DF24C-37F0-400E-80FC-AB8F6F27473E}.Release|x86.ActiveCfg = Release|x86
		{D49DF24C-37F0-400E-80FC-AB8F6F27473E}.Release|x86.Build.0 = Release|x86
		{849ECD5D-9194-4ADD-B3E0-12287915E665}.Debug|Any CPU.ActiveCfg = Debug|Any CPU
		{849ECD5D-9194-4ADD-B3E0-12287915E665}.Debug|Any CPU.Build.0 = Debug|Any CPU
		{849ECD5D-9194-4ADD-B3E0-12287915E665}.Debug|x64.ActiveCfg = Debug|x64
		{849ECD5D-9194-4ADD-B3E0-12287915E665}.Debug|x64.Build.0 = Debug|x64
		{849ECD5D-9194-4ADD-B3E0-12287915E665}.Debug|x86.ActiveCfg = Debug|x86
		{849ECD5D-9194-4ADD-B3E0-12287915E665}.Debug|x86.Build.0 = Debug|x86
		{849ECD5D-9194-4ADD-B3E0-12287915E665}.Release|Any CPU.ActiveCfg = Release|Any CPU
		{849ECD5D-9194-4ADD-B3E0-12287915E665}.Release|Any CPU.Build.0 = Release|Any CPU
		{849ECD5D-9194-4ADD-B3E0-12287915E665}.Release|x64.ActiveCfg = Release|x64
		{849ECD5D-9194-4ADD-B3E0-12287915E665}.Release|x64.Build.0 = Release|x64
		{849ECD5D-9194-4ADD-B3E0-12287915E665}.Release|x86.ActiveCfg = Release|x86
		{849ECD5D-9194-4ADD-B3E0-12287915E665}.Release|x86.Build.0 = Release|x86
	EndGlobalSection
	GlobalSection(NestedProjects) = preSolution
		{D49DF24C-37F0-400E-80FC-AB8F6F27473E} = {A003BF9D-9CFC-4E19-B122-2E280AACBED1}
		{849ECD5D-9194-4ADD-B3E0-12287915E665} = {A003BF9D-9CFC-4E19-B122-2E280AACBED1}
	EndGlobalSection
EndGlobal
